
Microsoft Visual Studio Solution File, Format Version 12.00
# Visual Studio Version 17
VisualStudioVersion = 17.8.34330.188
MinimumVisualStudioVersion = 10.0.40219.1
Project("{9A19103F-16F7-4668-BE54-9A1E7A4F7556}") = "9dec2024", "9dec2024\9dec2024.csproj", "{B596326B-6B3E-4114-BD4E-287E107E5A0E}"
EndProject
Project("{FAE04EC0-301F-11D3-BF4B-00C04F79EFBC}") = "tekrar_methodlar", "tekrar_methodlar\tekrar_methodlar.csproj", "{336A7038-BAFF-427A-99EA-D94F35DCCBF3}"
EndProject
Global
	GlobalSection(SolutionConfigurationPlatforms) = preSolution
		Debug|Any CPU = Debug|Any CPU
		Release|Any CPU = Release|Any CPU
	EndGlobalSection
	GlobalSection(ProjectConfigurationPlatforms) = postSolution
		{B596326B-6B3E-4114-BD4E-287E107E5A0E}.Debug|Any CPU.ActiveCfg = Debug|Any CPU
		{B596326B-6B3E-4114-BD4E-287E107E5A0E}.Debug|Any CPU.Build.0 = Debug|Any CPU
		{B596326B-6B3E-4114-BD4E-287E107E5A0E}.Release|Any CPU.ActiveCfg = Release|Any CPU
		{B596326B-6B3E-4114-BD4E-287E107E5A0E}.Release|Any CPU.Build.0 = Release|Any CPU
		{336A7038-BAFF-427A-99EA-D94F35DCCBF3}.Debug|Any CPU.ActiveCfg = Debug|Any CPU
		{336A7038-BAFF-427A-99EA-D94F35DCCBF3}.Debug|Any CPU.Build.0 = Debug|Any CPU
		{336A7038-BAFF-427A-99EA-D94F35DCCBF3}.Release|Any CPU.ActiveCfg = Release|Any CPU
		{336A7038-BAFF-427A-99EA-D94F35DCCBF3}.Release|Any CPU.Build.0 = Release|Any CPU
	EndGlobalSection
	GlobalSection(SolutionProperties) = preSolution
		HideSolutionNode = FALSE
	EndGlobalSection
	GlobalSection(ExtensibilityGlobals) = postSolution
		SolutionGuid = {30BD46B5-6456-4DC3-98AE-FF9D7DE76ECA}
	EndGlobalSection
EndGlobal
